
Microsoft Visual Studio Solution File, Format Version 12.00
# Visual Studio Version 17
VisualStudioVersion = 17.8.34408.163
MinimumVisualStudioVersion = 10.0.40219.1
Project("{9A19103F-16F7-4668-BE54-9A1E7A4F7556}") = "Datapack.Net", "Datapack.Net\Datapack.Net.csproj", "{3F8098B9-2E47-40A1-B1CF-1A66C6FD74DC}"
EndProject
Project("{9A19103F-16F7-4668-BE54-9A1E7A4F7556}") = "Datapack.Net.Tests", "Datapack.Net.Tests\Datapack.Net.Tests.csproj", "{E49587D5-6F7C-465C-BE81-765451056DA0}"
EndProject
Project("{FAE04EC0-301F-11D3-BF4B-00C04F79EFBC}") = "TNTCannon", "TNTCannon\TNTCannon.csproj", "{9B020922-BC2B-4CAD-9A34-C42A6D527421}"
EndProject
Project("{2150E333-8FDC-42A3-9474-1A3956D46DE8}") = "Solution Items", "Solution Items", "{818B7775-9337-42F7-BF89-115EC58D701B}"
	ProjectSection(SolutionItems) = preProject
		.editorconfig = .editorconfig
	EndProjectSection
EndProject
Global
	GlobalSection(SolutionConfigurationPlatforms) = preSolution
		Debug|Any CPU = Debug|Any CPU
		Release|Any CPU = Release|Any CPU
	EndGlobalSection
	GlobalSection(ProjectConfigurationPlatforms) = postSolution
		{3F8098B9-2E47-40A1-B1CF-1A66C6FD74DC}.Debug|Any CPU.ActiveCfg = Debug|Any CPU
		{3F8098B9-2E47-40A1-B1CF-1A66C6FD74DC}.Debug|Any CPU.Build.0 = Debug|Any CPU
		{3F8098B9-2E47-40A1-B1CF-1A66C6FD74DC}.Release|Any CPU.ActiveCfg = Release|Any CPU
		{3F8098B9-2E47-40A1-B1CF-1A66C6FD74DC}.Release|Any CPU.Build.0 = Release|Any CPU
		{E49587D5-6F7C-465C-BE81-765451056DA0}.Debug|Any CPU.ActiveCfg = Debug|Any CPU
		{E49587D5-6F7C-465C-BE81-765451056DA0}.Debug|Any CPU.Build.0 = Debug|Any CPU
		{E49587D5-6F7C-465C-BE81-765451056DA0}.Release|Any CPU.ActiveCfg = Release|Any CPU
		{E49587D5-6F7C-465C-BE81-765451056DA0}.Release|Any CPU.Build.0 = Release|Any CPU
		{9B020922-BC2B-4CAD-9A34-C42A6D527421}.Debug|Any CPU.ActiveCfg = Debug|Any CPU
		{9B020922-BC2B-4CAD-9A34-C42A6D527421}.Debug|Any CPU.Build.0 = Debug|Any CPU
		{9B020922-BC2B-4CAD-9A34-C42A6D527421}.Release|Any CPU.ActiveCfg = Release|Any CPU
		{9B020922-BC2B-4CAD-9A34-C42A6D527421}.Release|Any CPU.Build.0 = Release|Any CPU
	EndGlobalSection
	GlobalSection(SolutionProperties) = preSolution
		HideSolutionNode = FALSE
	EndGlobalSection
	GlobalSection(ExtensibilityGlobals) = postSolution
		SolutionGuid = {4053BB5D-3FBE-415B-82DD-EB5F8DAE57C0}
	EndGlobalSection
EndGlobal
